// !$*UTF8*$!
{
	archiveVersion = 1;
	classes = {
	};
	objectVersion = 46;
	objects = {

/* Begin PBXBuildFile section */
		9DDEF7CB1BB8C2CD008EC1C1 /* AppDelegate.swift in Sources */ = {isa = PBXBuildFile; fileRef = 9DDEF7CA1BB8C2CD008EC1C1 /* AppDelegate.swift */; };
		9DDEF7D11BB8C2CD008EC1C1 /* Assets.xcassets in Resources */ = {isa = PBXBuildFile; fileRef = 9DDEF7D01BB8C2CD008EC1C1 /* Assets.xcassets */; };
		9DDEF7D41BB8C2CD008EC1C1 /* Main.storyboard in Resources */ = {isa = PBXBuildFile; fileRef = 9DDEF7D21BB8C2CD008EC1C1 /* Main.storyboard */; };
		9DDEF7DF1BB8C351008EC1C1 /* JQDocument.swift in Sources */ = {isa = PBXBuildFile; fileRef = 9DDEF7DD1BB8C351008EC1C1 /* JQDocument.swift */; settings = {ASSET_TAGS = (); }; };
		9DDEF7E01BB8C351008EC1C1 /* JQViewController.swift in Sources */ = {isa = PBXBuildFile; fileRef = 9DDEF7DE1BB8C351008EC1C1 /* JQViewController.swift */; settings = {ASSET_TAGS = (); }; };
		9DDEF7E21BB8C362008EC1C1 /* jq-osx-amd64 in Resources */ = {isa = PBXBuildFile; fileRef = 9DDEF7E11BB8C362008EC1C1 /* jq-osx-amd64 */; settings = {ASSET_TAGS = (); }; };
		9DDEF7EA1BB8C392008EC1C1 /* JQJsonUtils.swift in Sources */ = {isa = PBXBuildFile; fileRef = 9DDEF7E51BB8C392008EC1C1 /* JQJsonUtils.swift */; settings = {ASSET_TAGS = (); }; };
		9DDEF7EB1BB8C392008EC1C1 /* JQQueryRunner.swift in Sources */ = {isa = PBXBuildFile; fileRef = 9DDEF7E61BB8C392008EC1C1 /* JQQueryRunner.swift */; settings = {ASSET_TAGS = (); }; };
		9DDEF7EC1BB8C392008EC1C1 /* JQHelpViewController.swift in Sources */ = {isa = PBXBuildFile; fileRef = 9DDEF7E71BB8C392008EC1C1 /* JQHelpViewController.swift */; settings = {ASSET_TAGS = (); }; };
/* End PBXBuildFile section */

/* Begin PBXFileReference section */
		9DDEF7C71BB8C2CD008EC1C1 /* jqui.app */ = {isa = PBXFileReference; explicitFileType = wrapper.application; includeInIndex = 0; path = jqui.app; sourceTree = BUILT_PRODUCTS_DIR; };
		9DDEF7CA1BB8C2CD008EC1C1 /* AppDelegate.swift */ = {isa = PBXFileReference; lastKnownFileType = sourcecode.swift; path = AppDelegate.swift; sourceTree = "<group>"; };
		9DDEF7D01BB8C2CD008EC1C1 /* Assets.xcassets */ = {isa = PBXFileReference; lastKnownFileType = folder.assetcatalog; path = Assets.xcassets; sourceTree = "<group>"; };
		9DDEF7D31BB8C2CD008EC1C1 /* Base */ = {isa = PBXFileReference; lastKnownFileType = file.storyboard; name = Base; path = Base.lproj/Main.storyboard; sourceTree = "<group>"; };
		9DDEF7D51BB8C2CD008EC1C1 /* Info.plist */ = {isa = PBXFileReference; lastKnownFileType = text.plist.xml; path = Info.plist; sourceTree = "<group>"; };
		9DDEF7DD1BB8C351008EC1C1 /* JQDocument.swift */ = {isa = PBXFileReference; fileEncoding = 4; lastKnownFileType = sourcecode.swift; name = JQDocument.swift; path = classes/JQDocument.swift; sourceTree = "<group>"; };
		9DDEF7DE1BB8C351008EC1C1 /* JQViewController.swift */ = {isa = PBXFileReference; fileEncoding = 4; lastKnownFileType = sourcecode.swift; name = JQViewController.swift; path = classes/JQViewController.swift; sourceTree = "<group>"; };
		9DDEF7E11BB8C362008EC1C1 /* jq-osx-amd64 */ = {isa = PBXFileReference; lastKnownFileType = "compiled.mach-o.executable"; name = "jq-osx-amd64"; path = "jq/jq-osx-amd64"; sourceTree = "<group>"; };
		9DDEF7E51BB8C392008EC1C1 /* JQJsonUtils.swift */ = {isa = PBXFileReference; fileEncoding = 4; lastKnownFileType = sourcecode.swift; name = JQJsonUtils.swift; path = classes/JQJsonUtils.swift; sourceTree = "<group>"; };
		9DDEF7E61BB8C392008EC1C1 /* JQQueryRunner.swift */ = {isa = PBXFileReference; fileEncoding = 4; lastKnownFileType = sourcecode.swift; name = JQQueryRunner.swift; path = classes/JQQueryRunner.swift; sourceTree = "<group>"; };
		9DDEF7E71BB8C392008EC1C1 /* JQHelpViewController.swift */ = {isa = PBXFileReference; fileEncoding = 4; lastKnownFileType = sourcecode.swift; name = JQHelpViewController.swift; path = classes/JQHelpViewController.swift; sourceTree = "<group>"; };
/* End PBXFileReference section */

/* Begin PBXFrameworksBuildPhase section */
		9DDEF7C41BB8C2CD008EC1C1 /* Frameworks */ = {
			isa = PBXFrameworksBuildPhase;
			buildActionMask = 2147483647;
			files = (
			);
			runOnlyForDeploymentPostprocessing = 0;
		};
/* End PBXFrameworksBuildPhase section */

/* Begin PBXGroup section */
		9DDEF7BE1BB8C2CD008EC1C1 = {
			isa = PBXGroup;
			children = (
				9DDEF7C91BB8C2CD008EC1C1 /* jqui */,
				9DDEF7C81BB8C2CD008EC1C1 /* Products */,
			);
			sourceTree = "<group>";
		};
		9DDEF7C81BB8C2CD008EC1C1 /* Products */ = {
			isa = PBXGroup;
			children = (
				9DDEF7C71BB8C2CD008EC1C1 /* jqui.app */,
			);
			name = Products;
			sourceTree = "<group>";
		};
		9DDEF7C91BB8C2CD008EC1C1 /* jqui */ = {
			isa = PBXGroup;
			children = (
				9DDEF7DC1BB8C309008EC1C1 /* classes */,
				9DDEF7DB1BB8C300008EC1C1 /* jq */,
				9DDEF7CA1BB8C2CD008EC1C1 /* AppDelegate.swift */,
				9DDEF7D01BB8C2CD008EC1C1 /* Assets.xcassets */,
				9DDEF7D21BB8C2CD008EC1C1 /* Main.storyboard */,
				9DDEF7D51BB8C2CD008EC1C1 /* Info.plist */,
			);
			path = jqui;
			sourceTree = "<group>";
		};
		9DDEF7DB1BB8C300008EC1C1 /* jq */ = {
			isa = PBXGroup;
			children = (
				9DDEF7E11BB8C362008EC1C1 /* jq-osx-amd64 */,
			);
			name = jq;
			sourceTree = "<group>";
		};
		9DDEF7DC1BB8C309008EC1C1 /* classes */ = {
			isa = PBXGroup;
			children = (
				9DDEF7E51BB8C392008EC1C1 /* JQJsonUtils.swift */,
				9DDEF7E61BB8C392008EC1C1 /* JQQueryRunner.swift */,
				9DDEF7E71BB8C392008EC1C1 /* JQHelpViewController.swift */,
				9DDEF7DD1BB8C351008EC1C1 /* JQDocument.swift */,
				9DDEF7DE1BB8C351008EC1C1 /* JQViewController.swift */,
			);
			name = classes;
			sourceTree = "<group>";
		};
/* End PBXGroup section */

/* Begin PBXNativeTarget section */
		9DDEF7C61BB8C2CD008EC1C1 /* jqui */ = {
			isa = PBXNativeTarget;
			buildConfigurationList = 9DDEF7D81BB8C2CD008EC1C1 /* Build configuration list for PBXNativeTarget "jqui" */;
			buildPhases = (
				9DDEF7C31BB8C2CD008EC1C1 /* Sources */,
				9DDEF7C41BB8C2CD008EC1C1 /* Frameworks */,
				9DDEF7C51BB8C2CD008EC1C1 /* Resources */,
			);
			buildRules = (
			);
			dependencies = (
			);
			name = jqui;
			productName = jqui;
			productReference = 9DDEF7C71BB8C2CD008EC1C1 /* jqui.app */;
			productType = "com.apple.product-type.application";
		};
/* End PBXNativeTarget section */

/* Begin PBXProject section */
		9DDEF7BF1BB8C2CD008EC1C1 /* Project object */ = {
			isa = PBXProject;
			attributes = {
				LastUpgradeCheck = 0700;
				ORGANIZATIONNAME = "Matthew Mondok";
				TargetAttributes = {
					9DDEF7C61BB8C2CD008EC1C1 = {
						CreatedOnToolsVersion = 7.0;
					};
				};
			};
			buildConfigurationList = 9DDEF7C21BB8C2CD008EC1C1 /* Build configuration list for PBXProject "jqui" */;
			compatibilityVersion = "Xcode 3.2";
			developmentRegion = English;
			hasScannedForEncodings = 0;
			knownRegions = (
				en,
				Base,
			);
			mainGroup = 9DDEF7BE1BB8C2CD008EC1C1;
			productRefGroup = 9DDEF7C81BB8C2CD008EC1C1 /* Products */;
			projectDirPath = "";
			projectRoot = "";
			targets = (
				9DDEF7C61BB8C2CD008EC1C1 /* jqui */,
			);
		};
/* End PBXProject section */

/* Begin PBXResourcesBuildPhase section */
		9DDEF7C51BB8C2CD008EC1C1 /* Resources */ = {
			isa = PBXResourcesBuildPhase;
			buildActionMask = 2147483647;
			files = (
				9DDEF7D11BB8C2CD008EC1C1 /* Assets.xcassets in Resources */,
				9DDEF7E21BB8C362008EC1C1 /* jq-osx-amd64 in Resources */,
				9DDEF7D41BB8C2CD008EC1C1 /* Main.storyboard in Resources */,
			);
			runOnlyForDeploymentPostprocessing = 0;
		};
/* End PBXResourcesBuildPhase section */

/* Begin PBXSourcesBuildPhase section */
		9DDEF7C31BB8C2CD008EC1C1 /* Sources */ = {
			isa = PBXSourcesBuildPhase;
			buildActionMask = 2147483647;
			files = (
				9DDEF7DF1BB8C351008EC1C1 /* JQDocument.swift in Sources */,
				9DDEF7EB1BB8C392008EC1C1 /* JQQueryRunner.swift in Sources */,
				9DDEF7EC1BB8C392008EC1C1 /* JQHelpViewController.swift in Sources */,
				9DDEF7CB1BB8C2CD008EC1C1 /* AppDelegate.swift in Sources */,
				9DDEF7E01BB8C351008EC1C1 /* JQViewController.swift in Sources */,
				9DDEF7EA1BB8C392008EC1C1 /* JQJsonUtils.swift in Sources */,
			);
			runOnlyForDeploymentPostprocessing = 0;
		};
/* End PBXSourcesBuildPhase section */

/* Begin PBXVariantGroup section */
		9DDEF7D21BB8C2CD008EC1C1 /* Main.storyboard */ = {
			isa = PBXVariantGroup;
			children = (
				9DDEF7D31BB8C2CD008EC1C1 /* Base */,
			);
			name = Main.storyboard;
			sourceTree = "<group>";
		};
/* End PBXVariantGroup section */

/* Begin XCBuildConfiguration section */
		9DDEF7D61BB8C2CD008EC1C1 /* Debug */ = {
			isa = XCBuildConfiguration;
			buildSettings = {
				ALWAYS_SEARCH_USER_PATHS = NO;
				CLANG_CXX_LANGUAGE_STANDARD = "gnu++0x";
				CLANG_CXX_LIBRARY = "libc++";
				CLANG_ENABLE_MODULES = YES;
				CLANG_ENABLE_OBJC_ARC = YES;
				CLANG_WARN_BOOL_CONVERSION = YES;
				CLANG_WARN_CONSTANT_CONVERSION = YES;
				CLANG_WARN_DIRECT_OBJC_ISA_USAGE = YES_ERROR;
				CLANG_WARN_EMPTY_BODY = YES;
				CLANG_WARN_ENUM_CONVERSION = YES;
				CLANG_WARN_INT_CONVERSION = YES;
				CLANG_WARN_OBJC_ROOT_CLASS = YES_ERROR;
				CLANG_WARN_UNREACHABLE_CODE = YES;
				CLANG_WARN__DUPLICATE_METHOD_MATCH = YES;
				CODE_SIGN_IDENTITY = "-";
				COPY_PHASE_STRIP = NO;
				DEBUG_INFORMATION_FORMAT = dwarf;
				ENABLE_STRICT_OBJC_MSGSEND = YES;
				ENABLE_TESTABILITY = YES;
				GCC_C_LANGUAGE_STANDARD = gnu99;
				GCC_DYNAMIC_NO_PIC = NO;
				GCC_NO_COMMON_BLOCKS = YES;
				GCC_OPTIMIZATION_LEVEL = 0;
				GCC_PREPROCESSOR_DEFINITIONS = (
					"DEBUG=1",
					"$(inherited)",
				);
				GCC_WARN_64_TO_32_BIT_CONVERSION = YES;
				GCC_WARN_ABOUT_RETURN_TYPE = YES_ERROR;
				GCC_WARN_UNDECLARED_SELECTOR = YES;
				GCC_WARN_UNINITIALIZED_AUTOS = YES_AGGRESSIVE;
				GCC_WARN_UNUSED_FUNCTION = YES;
				GCC_WARN_UNUSED_VARIABLE = YES;
				MACOSX_DEPLOYMENT_TARGET = 10.10;
				MTL_ENABLE_DEBUG_INFO = YES;
				ONLY_ACTIVE_ARCH = YES;
				SDKROOT = macosx;
				SWIFT_OPTIMIZATION_LEVEL = "-Onone";
			};
			name = Debug;
		};
		9DDEF7D71BB8C2CD008EC1C1 /* Release */ = {
			isa = XCBuildConfiguration;
			buildSettings = {
				ALWAYS_SEARCH_USER_PATHS = NO;
				CLANG_CXX_LANGUAGE_STANDARD = "gnu++0x";
				CLANG_CXX_LIBRARY = "libc++";
				CLANG_ENABLE_MODULES = YES;
				CLANG_ENABLE_OBJC_ARC = YES;
				CLANG_WARN_BOOL_CONVERSION = YES;
				CLANG_WARN_CONSTANT_CONVERSION = YES;
				CLANG_WARN_DIRECT_OBJC_ISA_USAGE = YES_ERROR;
				CLANG_WARN_EMPTY_BODY = YES;
				CLANG_WARN_ENUM_CONVERSION = YES;
				CLANG_WARN_INT_CONVERSION = YES;
				CLANG_WARN_OBJC_ROOT_CLASS = YES_ERROR;
				CLANG_WARN_UNREACHABLE_CODE = YES;
				CLANG_WARN__DUPLICATE_METHOD_MATCH = YES;
				CODE_SIGN_IDENTITY = "-";
				COPY_PHASE_STRIP = NO;
				DEBUG_INFORMATION_FORMAT = "dwarf-with-dsym";
				ENABLE_NS_ASSERTIONS = NO;
				ENABLE_STRICT_OBJC_MSGSEND = YES;
				GCC_C_LANGUAGE_STANDARD = gnu99;
				GCC_NO_COMMON_BLOCKS = YES;
				GCC_WARN_64_TO_32_BIT_CONVERSION = YES;
				GCC_WARN_ABOUT_RETURN_TYPE = YES_ERROR;
				GCC_WARN_UNDECLARED_SELECTOR = YES;
				GCC_WARN_UNINITIALIZED_AUTOS = YES_AGGRESSIVE;
				GCC_WARN_UNUSED_FUNCTION = YES;
				GCC_WARN_UNUSED_VARIABLE = YES;
				MACOSX_DEPLOYMENT_TARGET = 10.10;
				MTL_ENABLE_DEBUG_INFO = NO;
				SDKROOT = macosx;
			};
			name = Release;
		};
		9DDEF7D91BB8C2CD008EC1C1 /* Debug */ = {
			isa = XCBuildConfiguration;
			buildSettings = {
				ASSETCATALOG_COMPILER_APPICON_NAME = AppIcon;
				COMBINE_HIDPI_IMAGES = YES;
				INFOPLIST_FILE = jqui/Info.plist;
				LD_RUNPATH_SEARCH_PATHS = "$(inherited) @executable_path/../Frameworks";
				PRODUCT_BUNDLE_IDENTIFIER = mondok.digital.jqui;
				PRODUCT_NAME = "$(TARGET_NAME)";
			};
			name = Debug;
		};
		9DDEF7DA1BB8C2CD008EC1C1 /* Release */ = {
			isa = XCBuildConfiguration;
			buildSettings = {
				ASSETCATALOG_COMPILER_APPICON_NAME = AppIcon;
				COMBINE_HIDPI_IMAGES = YES;
				INFOPLIST_FILE = jqui/Info.plist;
				LD_RUNPATH_SEARCH_PATHS = "$(inherited) @executable_path/../Frameworks";
				PRODUCT_BUNDLE_IDENTIFIER = mondok.digital.jqui;
				PRODUCT_NAME = "$(TARGET_NAME)";
			};
			name = Release;
		};
/* End XCBuildConfiguration section */

/* Begin XCConfigurationList section */
		9DDEF7C21BB8C2CD008EC1C1 /* Build configuration list for PBXProject "jqui" */ = {
			isa = XCConfigurationList;
			buildConfigurations = (
				9DDEF7D61BB8C2CD008EC1C1 /* Debug */,
				9DDEF7D71BB8C2CD008EC1C1 /* Release */,
			);
			defaultConfigurationIsVisible = 0;
			defaultConfigurationName = Release;
		};
		9DDEF7D81BB8C2CD008EC1C1 /* Build configuration list for PBXNativeTarget "jqui" */ = {
			isa = XCConfigurationList;
			buildConfigurations = (
				9DDEF7D91BB8C2CD008EC1C1 /* Debug */,
				9DDEF7DA1BB8C2CD008EC1C1 /* Release */,
			);
			defaultConfigurationIsVisible = 0;
			defaultConfigurationName = Release;
		};
/* End XCConfigurationList section */
	};
	rootObject = 9DDEF7BF1BB8C2CD008EC1C1 /* Project object */;
}
